
Microsoft Visual Studio Solution File, Format Version 12.00
# Visual Studio Version 17
VisualStudioVersion = 17.9.34607.119
MinimumVisualStudioVersion = 10.0.40219.1
Project("{9A19103F-16F7-4668-BE54-9A1E7A4F7556}") = "OmronCommunication", "OmronCommunication\OmronCommunication.csproj", "{74EB0708-0F37-418B-8B71-00E42760AFB5}"
EndProject
Project("{9A19103F-16F7-4668-BE54-9A1E7A4F7556}") = "OmronCommunicationTests", "OmronCommunicationTests\OmronCommunicationTests.csproj", "{4EF68953-24CE-478E-BFFE-D232E4107AF3}"
EndProject
Project("{FAE04EC0-301F-11D3-BF4B-00C04F79EFBC}") = "OmronWinFormDemo", "OmronWinFormDemo\OmronWinFormDemo.csproj", "{CFB094A7-237B-4930-8C2E-F663CD131651}"
EndProject
Global
	GlobalSection(SolutionConfigurationPlatforms) = preSolution
		Debug|Any CPU = Debug|Any CPU
		Release|Any CPU = Release|Any CPU
	EndGlobalSection
	GlobalSection(ProjectConfigurationPlatforms) = postSolution
		{74EB0708-0F37-418B-8B71-00E42760AFB5}.Debug|Any CPU.ActiveCfg = Debug|Any CPU
		{74EB0708-0F37-418B-8B71-00E42760AFB5}.Debug|Any CPU.Build.0 = Debug|Any CPU
		{74EB0708-0F37-418B-8B71-00E42760AFB5}.Release|Any CPU.ActiveCfg = Release|Any CPU
		{74EB0708-0F37-418B-8B71-00E42760AFB5}.Release|Any CPU.Build.0 = Release|Any CPU
		{4EF68953-24CE-478E-BFFE-D232E4107AF3}.Debug|Any CPU.ActiveCfg = Debug|Any CPU
		{4EF68953-24CE-478E-BFFE-D232E4107AF3}.Debug|Any CPU.Build.0 = Debug|Any CPU
		{4EF68953-24CE-478E-BFFE-D232E4107AF3}.Release|Any CPU.ActiveCfg = Release|Any CPU
		{4EF68953-24CE-478E-BFFE-D232E4107AF3}.Release|Any CPU.Build.0 = Release|Any CPU
		{CFB094A7-237B-4930-8C2E-F663CD131651}.Debug|Any CPU.ActiveCfg = Debug|Any CPU
		{CFB094A7-237B-4930-8C2E-F663CD131651}.Debug|Any CPU.Build.0 = Debug|Any CPU
		{CFB094A7-237B-4930-8C2E-F663CD131651}.Release|Any CPU.ActiveCfg = Release|Any CPU
		{CFB094A7-237B-4930-8C2E-F663CD131651}.Release|Any CPU.Build.0 = Release|Any CPU
	EndGlobalSection
	GlobalSection(SolutionProperties) = preSolution
		HideSolutionNode = FALSE
	EndGlobalSection
	GlobalSection(ExtensibilityGlobals) = postSolution
		SolutionGuid = {DB112431-D933-4CF8-8AA1-E4DD9B06889D}
	EndGlobalSection
EndGlobal
